[root]
name = "client"
version = "0.0.1"
dependencies = [
 "common 0.0.1",
 "glium 0.0.3 (git+https://github.com/tomaka/glium?branch=tomaka-patch-1)",
 "glium_macros 0.0.1 (git+https://github.com/tomaka/glium)",
 "glutin 0.0.5 (git+https://github.com/tomaka/glutin)",
 "obj-rs 0.4.2 (git+https://github.com/simnalamburt/obj-rs)",
]

[[package]]
name = "android_glue"
version = "0.0.1"
source = "git+https://github.com/tomaka/android-rs-glue#5a68056599fb498b0cf3715fd359894825e3b856"

[[package]]
name = "bitflags"
version = "0.1.1"
source = "registry+https://github.com/rust-lang/crates.io-index"

[[package]]
name = "cocoa"
version = "0.1.1"
source = "git+https://github.com/servo/rust-cocoa#04a0ba54bcf3f06f5166c7dfa638a135714dce77"
dependencies = [
 "bitflags 0.1.1 (registry+https://github.com/rust-lang/crates.io-index)",
 "libc 0.1.2 (registry+https://github.com/rust-lang/crates.io-index)",
]

[[package]]
name = "common"
version = "0.0.1"
dependencies = [
 "rustc-serialize 0.3.0 (registry+https://github.com/rust-lang/crates.io-index)",
]

[[package]]
name = "core_foundation"
version = "0.1.0"
source = "git+https://github.com/servo/rust-core-foundation#c577bd64b0301fe926cf7b757b9852a1ce1d521d"
dependencies = [
 "libc 0.1.2 (registry+https://github.com/rust-lang/crates.io-index)",
]

[[package]]
name = "core_graphics"
version = "0.1.0"
source = "git+https://github.com/servo/rust-core-graphics#e169ad38f71ed003c21fb550a9dfa0e51423ed3a"
dependencies = [
 "core_foundation 0.1.0 (git+https://github.com/servo/rust-core-foundation)",
]

[[package]]
name = "gdi32-sys"
version = "0.0.4"
source = "registry+https://github.com/rust-lang/crates.io-index"
dependencies = [
 "winapi 0.1.14 (registry+https://github.com/rust-lang/crates.io-index)",
]

[[package]]
name = "gl_common"
version = "0.0.4"
source = "registry+https://github.com/rust-lang/crates.io-index"
dependencies = [
 "libc 0.1.2 (registry+https://github.com/rust-lang/crates.io-index)",
]

[[package]]
name = "gl_generator"
version = "0.0.19"
source = "registry+https://github.com/rust-lang/crates.io-index"
dependencies = [
 "khronos_api 0.0.5 (registry+https://github.com/rust-lang/crates.io-index)",
 "log 0.2.5 (registry+https://github.com/rust-lang/crates.io-index)",
 "xml-rs 0.1.19 (registry+https://github.com/rust-lang/crates.io-index)",
]

[[package]]
name = "glium"
version = "0.0.3"
source = "git+https://github.com/tomaka/glium?branch=tomaka-patch-1#eefd991576551c9552c13b9c8d9583ffcb733cdd"
dependencies = [
 "gl_common 0.0.4 (registry+https://github.com/rust-lang/crates.io-index)",
 "gl_generator 0.0.19 (registry+https://github.com/rust-lang/crates.io-index)",
 "glutin 0.0.5 (git+https://github.com/tomaka/glutin)",
 "khronos_api 0.0.5 (registry+https://github.com/rust-lang/crates.io-index)",
 "libc 0.1.2 (registry+https://github.com/rust-lang/crates.io-index)",
]

[[package]]
name = "glium_macros"
version = "0.0.1"
source = "git+https://github.com/tomaka/glium#bc3af8117cb9f2cda9765178dd0768765ce8e279"

[[package]]
name = "glutin"
version = "0.0.5"
source = "git+https://github.com/tomaka/glutin#76a69e2e7bf5461aa1831a875a60d1815c52fb40"
dependencies = [
 "android_glue 0.0.1 (git+https://github.com/tomaka/android-rs-glue)",
 "cocoa 0.1.1 (git+https://github.com/servo/rust-cocoa)",
 "core_foundation 0.1.0 (git+https://github.com/servo/rust-core-foundation)",
 "core_graphics 0.1.0 (git+https://github.com/servo/rust-core-graphics)",
 "gdi32-sys 0.0.4 (registry+https://github.com/rust-lang/crates.io-index)",
 "gl_common 0.0.4 (registry+https://github.com/rust-lang/crates.io-index)",
 "gl_generator 0.0.19 (registry+https://github.com/rust-lang/crates.io-index)",
 "kernel32-sys 0.0.10 (registry+https://github.com/rust-lang/crates.io-index)",
 "khronos_api 0.0.5 (registry+https://github.com/rust-lang/crates.io-index)",
 "libc 0.1.2 (registry+https://github.com/rust-lang/crates.io-index)",
 "user32-sys 0.0.10 (registry+https://github.com/rust-lang/crates.io-index)",
 "winapi 0.1.14 (registry+https://github.com/rust-lang/crates.io-index)",
]

[[package]]
name = "kernel32-sys"
version = "0.0.10"
source = "registry+https://github.com/rust-lang/crates.io-index"
dependencies = [
 "winapi 0.1.14 (registry+https://github.com/rust-lang/crates.io-index)",
]

[[package]]
name = "khronos_api"
version = "0.0.5"
source = "registry+https://github.com/rust-lang/crates.io-index"

[[package]]
name = "libc"
version = "0.1.2"
source = "registry+https://github.com/rust-lang/crates.io-index"

[[package]]
name = "log"
version = "0.2.5"
source = "registry+https://github.com/rust-lang/crates.io-index"

[[package]]
name = "obj-rs"
version = "0.4.2"
source = "git+https://github.com/simnalamburt/obj-rs#66a82752f61b2ab9cf608cea9b32ae63b0fce53e"
dependencies = [
 "glium 0.0.3 (git+https://github.com/tomaka/glium?branch=tomaka-patch-1)",
 "glium_macros 0.0.1 (git+https://github.com/tomaka/glium)",
]

[[package]]
name = "rustc-serialize"
version = "0.3.0"
source = "registry+https://github.com/rust-lang/crates.io-index"

[[package]]
name = "user32-sys"
version = "0.0.10"
source = "registry+https://github.com/rust-lang/crates.io-index"
dependencies = [
 "winapi 0.1.14 (registry+https://github.com/rust-lang/crates.io-index)",
]

[[package]]
name = "winapi"
version = "0.1.14"
source = "registry+https://github.com/rust-lang/crates.io-index"
dependencies = [
 "libc 0.1.2 (registry+https://github.com/rust-lang/crates.io-index)",
]

[[package]]
name = "xml-rs"
version = "0.1.19"
source = "registry+https://github.com/rust-lang/crates.io-index"
dependencies = [
 "bitflags 0.1.1 (registry+https://github.com/rust-lang/crates.io-index)",
]

