# This file is automatically @generated by Cargo.
# It is not intended for manual editing.
[[package]]
name = "addr2line"
version = "0.13.0"
source = "registry+https://github.com/rust-lang/crates.io-index"
checksum = "1b6a2d3371669ab3ca9797670853d61402b03d0b4b9ebf33d677dfa720203072"
dependencies = [
 "gimli",
]

[[package]]
name = "adler"
version = "0.2.3"
source = "registry+https://github.com/rust-lang/crates.io-index"
checksum = "ee2a4ec343196209d6594e19543ae87a39f96d5534d7174822a3ad825dd6ed7e"

[[package]]
name = "android_glue"
version = "0.2.3"
source = "registry+https://github.com/rust-lang/crates.io-index"
checksum = "000444226fcff248f2bc4c7625be32c63caccfecc2723a2b9f78a7487a49c407"

[[package]]
name = "autocfg"
version = "1.0.1"
source = "registry+https://github.com/rust-lang/crates.io-index"
checksum = "cdb031dd78e28731d87d56cc8ffef4a8f36ca26c38fe2de700543e627f8a464a"

[[package]]
name = "backtrace"
version = "0.1.8"
source = "registry+https://github.com/rust-lang/crates.io-index"
checksum = "150ae7828afa7afb6d474f909d64072d21de1f3365b6e8ad8029bf7b1c6350a0"
dependencies = [
 "backtrace-sys",
 "cfg-if",
 "dbghelp-sys",
 "debug-builders",
 "kernel32-sys 0.2.2",
 "libc 0.2.76",
 "winapi 0.2.8",
]

[[package]]
name = "backtrace"
version = "0.3.50"
source = "registry+https://github.com/rust-lang/crates.io-index"
checksum = "46254cf2fdcdf1badb5934448c1bcbe046a56537b3987d96c51a7afc5d03f293"
dependencies = [
 "addr2line",
 "cfg-if",
 "libc 0.2.76",
 "miniz_oxide",
 "object",
 "rustc-demangle",
]

[[package]]
name = "backtrace-sys"
version = "0.1.37"
source = "registry+https://github.com/rust-lang/crates.io-index"
checksum = "18fbebbe1c9d1f383a9cc7e8ccdb471b91c8d024ee9c2ca5b5346121fe8b4399"
dependencies = [
 "cc",
 "libc 0.2.76",
]

[[package]]
name = "bincode"
version = "0.4.1"
source = "registry+https://github.com/rust-lang/crates.io-index"
checksum = "60f89d68caf4f2e8a94efd192a2b8393869e72336dea4e0fe077cc6eb5f2057e"
dependencies = [
 "byteorder",
 "num 0.1.42",
 "rustc-serialize",
 "serde 0.6.15",
]

[[package]]
name = "bitflags"
version = "0.3.3"
source = "registry+https://github.com/rust-lang/crates.io-index"
checksum = "32866f4d103c4e438b1db1158aa1b1a80ee078e5d77a59a2f906fd62a577389c"

[[package]]
name = "bitflags"
version = "0.9.1"
source = "registry+https://github.com/rust-lang/crates.io-index"
checksum = "4efd02e230a02e18f92fc2735f44597385ed02ad8f831e7c1c1156ee5e1ab3a5"

[[package]]
name = "bitflags"
version = "1.2.1"
source = "registry+https://github.com/rust-lang/crates.io-index"
checksum = "cf1de2fe8c75bc145a2f577add951f8134889b4795d47466a54a5c846d691693"

[[package]]
name = "block"
version = "0.1.6"
source = "registry+https://github.com/rust-lang/crates.io-index"
checksum = "0d8c1fef690941d3e7788d328517591fecc684c084084702d6ff1641e993699a"

[[package]]
name = "byteorder"
version = "0.4.2"
source = "registry+https://github.com/rust-lang/crates.io-index"
checksum = "96c8b41881888cc08af32d47ac4edd52bc7fa27fef774be47a92443756451304"

[[package]]
name = "cc"
version = "1.0.59"
source = "registry+https://github.com/rust-lang/crates.io-index"
checksum = "66120af515773fb005778dc07c261bd201ec8ce50bd6e7144c927753fe013381"

[[package]]
name = "cfg-if"
version = "0.1.10"
source = "registry+https://github.com/rust-lang/crates.io-index"
checksum = "4785bdd1c96b2a846b2bd7cc02e86b6b3dbf14e7e53446c4f54c92a361040822"

[[package]]
name = "cgl"
version = "0.3.2"
source = "registry+https://github.com/rust-lang/crates.io-index"
checksum = "0ced0551234e87afee12411d535648dd89d2e7f34c78b753395567aff3d447ff"
dependencies = [
 "libc 0.2.76",
]

[[package]]
name = "client"
version = "0.0.1"
dependencies = [
 "bincode",
 "common",
 "glium 0.8.7",
 "obj-rs",
 "rand 0.3.23",
 "rustc-serialize",
 "time",
 "xmath",
]

[[package]]
name = "cocoa"
version = "0.23.0"
source = "registry+https://github.com/rust-lang/crates.io-index"
checksum = "c54201c07dcf3a5ca33fececb8042aed767ee4bfd5a0235a8ceabcda956044b2"
dependencies = [
 "bitflags 1.2.1",
 "block",
 "cocoa-foundation",
 "core-foundation",
 "core-graphics",
 "foreign-types",
 "libc 0.2.76",
 "objc 0.2.7",
]

[[package]]
name = "cocoa-foundation"
version = "0.1.0"
source = "registry+https://github.com/rust-lang/crates.io-index"
checksum = "7ade49b65d560ca58c403a479bb396592b155c0185eada742ee323d1d68d6318"
dependencies = [
 "bitflags 1.2.1",
 "block",
 "core-foundation",
 "core-graphics-types",
 "foreign-types",
 "libc 0.2.76",
 "objc 0.2.7",
]

[[package]]
name = "common"
version = "0.0.1"
dependencies = [
 "log 0.3.9",
 "rustc-serialize",
]

[[package]]
name = "core-foundation"
version = "0.9.0"
source = "registry+https://github.com/rust-lang/crates.io-index"
checksum = "3b5ed8e7e76c45974e15e41bfa8d5b0483cd90191639e01d8f5f1e606299d3fb"
dependencies = [
 "core-foundation-sys",
 "libc 0.2.76",
]

[[package]]
name = "core-foundation-sys"
version = "0.8.0"
source = "registry+https://github.com/rust-lang/crates.io-index"
checksum = "9a21fa21941700a3cd8fcb4091f361a6a712fac632f85d9f487cc892045d55c6"

[[package]]
name = "core-graphics"
version = "0.22.0"
source = "registry+https://github.com/rust-lang/crates.io-index"
checksum = "f6082396a349fa49674ba1bda4077332a18bf150e8fa75745ece07085e29a113"
dependencies = [
 "bitflags 1.2.1",
 "core-foundation",
 "core-graphics-types",
 "foreign-types",
 "libc 0.2.76",
]

[[package]]
name = "core-graphics-types"
version = "0.1.0"
source = "registry+https://github.com/rust-lang/crates.io-index"
checksum = "e92f5d519093a4178296707dbaa3880eae85a5ef5386675f361a1cf25376e93c"
dependencies = [
 "bitflags 1.2.1",
 "core-foundation",
 "foreign-types",
 "libc 0.2.76",
]

[[package]]
name = "dbghelp-sys"
version = "0.2.0"
source = "registry+https://github.com/rust-lang/crates.io-index"
checksum = "97590ba53bcb8ac28279161ca943a924d1fd4a8fb3fa63302591647c4fc5b850"
dependencies = [
 "winapi 0.2.8",
 "winapi-build",
]

[[package]]
name = "debug-builders"
version = "0.1.0"
source = "registry+https://github.com/rust-lang/crates.io-index"
checksum = "0f5d8e3d14cabcb2a8a59d7147289173c6ada77a0bc526f6b85078f941c0cf12"

[[package]]
name = "dlib"
version = "0.1.1"
source = "registry+https://github.com/rust-lang/crates.io-index"
checksum = "a41390bb218345cee5af31cdc5961003edeac3707ad502ac714a60dab0ecb5f1"
dependencies = [
 "libc 0.1.12",
]

[[package]]
name = "dwmapi-sys"
version = "0.1.1"
source = "registry+https://github.com/rust-lang/crates.io-index"
checksum = "b44b6442aeab12e609aee505bd1066bdfd36b79c3fe5aad604aae91537623e76"
dependencies = [
 "winapi 0.2.8",
 "winapi-build",
]

[[package]]
name = "dylib"
version = "0.0.3"
source = "registry+https://github.com/rust-lang/crates.io-index"
checksum = "f06c13073013a912b363eee1433572499a2028a6b05432dad09383124d64731e"
dependencies = [
 "libc 0.2.76",
]

[[package]]
name = "fnv"
version = "1.0.7"
source = "registry+https://github.com/rust-lang/crates.io-index"
checksum = "3f9eec918d3f24069decb9af1554cad7c880e2da24a9afd88aca000531ab82c1"

[[package]]
name = "foreign-types"
version = "0.3.2"
source = "registry+https://github.com/rust-lang/crates.io-index"
checksum = "f6f339eb8adc052cd2ca78910fda869aefa38d22d5cb648e6485e4d3fc06f3b1"
dependencies = [
 "foreign-types-shared",
]

[[package]]
name = "foreign-types-shared"
version = "0.1.1"
source = "registry+https://github.com/rust-lang/crates.io-index"
checksum = "00b0228411908ca8685dba7fc2cdd70ec9990a6e753e89b6ac91a84c40fbaf4b"

[[package]]
name = "fuchsia-cprng"
version = "0.1.1"
source = "registry+https://github.com/rust-lang/crates.io-index"
checksum = "a06f77d526c1a601b7c4cdd98f54b5eaabffc14d5f2f0296febdc7f357c6d3ba"

[[package]]
name = "gdi32-sys"
version = "0.1.2"
source = "registry+https://github.com/rust-lang/crates.io-index"
checksum = "8e3eb92c1107527888f86b6ebb0b7f82794777dbf172a932998660a0a2e26c11"
dependencies = [
 "winapi 0.2.8",
 "winapi-build",
]

[[package]]
name = "gimli"
version = "0.22.0"
source = "registry+https://github.com/rust-lang/crates.io-index"
checksum = "aaf91faf136cb47367fa430cd46e37a788775e7fa104f8b4bcb3861dc389b724"

[[package]]
name = "gl_common"
version = "0.0.4"
source = "registry+https://github.com/rust-lang/crates.io-index"
checksum = "3ba460213e550ba83578eaf7befe798a2f634071dfd491839148594659de43c1"
dependencies = [
 "libc 0.2.76",
]

[[package]]
name = "gl_common"
version = "0.1.0"
source = "registry+https://github.com/rust-lang/crates.io-index"
checksum = "c83fd30537051fe4abbcfb80f982d4bdd63038c66bd4346e4ac674892e06b1ca"
dependencies = [
 "libc 0.1.12",
]

[[package]]
name = "gl_generator"
version = "0.0.25"
source = "registry+https://github.com/rust-lang/crates.io-index"
checksum = "547b64a97647755dc90991a7e218bcfd21db1d52689c08a543079ec034daf78d"
dependencies = [
 "khronos_api 0.0.8",
 "log 0.4.11",
 "xml-rs 0.8.3",
]

[[package]]
name = "gl_generator"
version = "0.1.0"
source = "registry+https://github.com/rust-lang/crates.io-index"
checksum = "8b3aa2b0108cb471ee0d4526c24f1ba7f6e851929fbddc3cd219bfa0850a4961"
dependencies = [
 "khronos_api 0.0.8",
 "log 0.3.9",
 "xml-rs 0.1.26",
]

[[package]]
name = "gl_generator"
version = "0.5.5"
source = "registry+https://github.com/rust-lang/crates.io-index"
checksum = "e7acbf2ba3d52e9e1ad96a84362129e9c1aa0af55ebfc86a91004e1b83eca61c"
dependencies = [
 "khronos_api 1.0.1",
 "log 0.3.9",
 "xml-rs 0.6.1",
]

[[package]]
name = "gl_generator"
version = "0.9.0"
source = "registry+https://github.com/rust-lang/crates.io-index"
checksum = "7a795170cbd85b5a7baa58d6d7525cae6a03e486859860c220f7ebbbdd379d0a"
dependencies = [
 "khronos_api 2.2.0",
 "log 0.4.11",
 "xml-rs 0.7.0",
]

[[package]]
name = "glium"
version = "0.8.7"
source = "registry+https://github.com/rust-lang/crates.io-index"
checksum = "c8054333158115026a8e9f37026a22e7f9a2ecffcd918f7a4adac48fc5085716"
dependencies = [
 "gl_common 0.0.4",
 "gl_generator 0.0.25",
 "glutin",
 "khronos_api 0.0.8",
 "lazy_static 0.1.16",
 "libc 0.1.12",
 "smallvec 0.1.8",
]

[[package]]
name = "glium"
version = "0.14.0"
source = "registry+https://github.com/rust-lang/crates.io-index"
checksum = "3fe4cee14369e6addde2ec5e94361b999f2841d5e40c37b496e0ec30ba8386f3"
dependencies = [
 "backtrace 0.1.8",
 "gl_generator 0.5.5",
 "lazy_static 0.1.16",
 "smallvec 0.1.8",
]

[[package]]
name = "glium"
version = "0.22.0"
source = "registry+https://github.com/rust-lang/crates.io-index"
checksum = "6ec8f9506ee0379c931299f280a6e06767b0dc6ac0f1890cf1cb6c30d600fca5"
dependencies = [
 "backtrace 0.3.50",
 "fnv",
 "gl_generator 0.9.0",
 "lazy_static 1.4.0",
 "smallvec 0.6.13",
]

[[package]]
name = "glutin"
version = "0.3.7"
source = "registry+https://github.com/rust-lang/crates.io-index"
checksum = "1ea299f0b833bd6b6faa25a16cdd8e7ba69999f23d869b350c7b4fb0d5c56f68"
dependencies = [
 "android_glue",
 "cgl",
 "cocoa",
 "core-foundation",
 "core-graphics",
 "dwmapi-sys",
 "gdi32-sys",
 "gl_common 0.1.0",
 "gl_generator 0.1.0",
 "kernel32-sys 0.1.4",
 "khronos_api 0.0.7",
 "lazy_static 0.1.16",
 "libc 0.1.12",
 "objc 0.1.8",
 "osmesa-sys",
 "shared_library",
 "shell32-sys",
 "user32-sys",
 "wayland-client",
 "wayland-kbd",
 "wayland-window",
 "winapi 0.2.8",
 "x11-dl",
]

[[package]]
name = "kernel32-sys"
version = "0.1.4"
source = "registry+https://github.com/rust-lang/crates.io-index"
checksum = "e014dab1082fd9d80ea1fa6fcb261b47ed3eb511612a14198bb507701add083e"
dependencies = [
 "winapi 0.3.9",
 "winapi-build",
]

[[package]]
name = "kernel32-sys"
version = "0.2.2"
source = "registry+https://github.com/rust-lang/crates.io-index"
checksum = "7507624b29483431c0ba2d82aece8ca6cdba9382bff4ddd0f7490560c056098d"
dependencies = [
 "winapi 0.2.8",
 "winapi-build",
]

[[package]]
name = "khronos_api"
version = "0.0.7"
source = "registry+https://github.com/rust-lang/crates.io-index"
checksum = "9e623bb7be2f86597a1b474748f3b91f971ed91f79521e8ec41e826c94cea91c"

[[package]]
name = "khronos_api"
version = "0.0.8"
source = "registry+https://github.com/rust-lang/crates.io-index"
checksum = "292227cfb1e811f7e974c427753fc8539394c6370a6849899306eedf2a478579"

[[package]]
name = "khronos_api"
version = "1.0.1"
source = "registry+https://github.com/rust-lang/crates.io-index"
checksum = "d5a08e2a31d665af8f1ca437eab6d00a93c9d62a549f73f9ed8fc2e55b5a91a7"

[[package]]
name = "khronos_api"
version = "2.2.0"
source = "registry+https://github.com/rust-lang/crates.io-index"
checksum = "037ab472c33f67b5fbd3e9163a2645319e5356fcd355efa6d4eb7fff4bbcb554"

[[package]]
name = "lazy_static"
version = "0.1.16"
source = "registry+https://github.com/rust-lang/crates.io-index"
checksum = "cf186d1a8aa5f5bee5fd662bc9c1b949e0259e1bcc379d1f006847b0080c7417"

[[package]]
name = "lazy_static"
version = "1.4.0"
source = "registry+https://github.com/rust-lang/crates.io-index"
checksum = "e2abad23fbc42b3700f2f279844dc832adb2b2eb069b2df918f455c4e18cc646"

[[package]]
name = "libc"
version = "0.1.12"
source = "registry+https://github.com/rust-lang/crates.io-index"
checksum = "e32a70cf75e5846d53a673923498228bbec6a8624708a9ea5645f075d6276122"

[[package]]
name = "libc"
version = "0.2.76"
source = "registry+https://github.com/rust-lang/crates.io-index"
checksum = "755456fae044e6fa1ebbbd1b3e902ae19e73097ed4ed87bb79934a867c007bc3"

[[package]]
name = "log"
version = "0.3.9"
source = "registry+https://github.com/rust-lang/crates.io-index"
checksum = "e19e8d5c34a3e0e2223db8e060f9e8264aeeb5c5fc64a4ee9965c062211c024b"
dependencies = [
 "log 0.4.11",
]

[[package]]
name = "log"
version = "0.4.11"
source = "registry+https://github.com/rust-lang/crates.io-index"
checksum = "4fabed175da42fed1fa0746b0ea71f412aa9d35e76e95e59b192c64b9dc2bf8b"
dependencies = [
 "cfg-if",
]

[[package]]
name = "malloc_buf"
version = "0.0.6"
source = "registry+https://github.com/rust-lang/crates.io-index"
checksum = "62bb907fe88d54d8d9ce32a3cceab4218ed2f6b7d35617cafe9adf84e43919cb"
dependencies = [
 "libc 0.2.76",
]

[[package]]
name = "maybe-uninit"
version = "2.0.0"
source = "registry+https://github.com/rust-lang/crates.io-index"
checksum = "60302e4db3a61da70c0cb7991976248362f30319e88850c487b9b95bbf059e00"

[[package]]
name = "miniz_oxide"
version = "0.4.1"
source = "registry+https://github.com/rust-lang/crates.io-index"
checksum = "4d7559a8a40d0f97e1edea3220f698f78b1c5ab67532e49f68fde3910323b722"
dependencies = [
 "adler",
]

[[package]]
name = "mmap"
version = "0.1.1"
source = "registry+https://github.com/rust-lang/crates.io-index"
checksum = "0bc85448a6006dd2ba26a385a564a8a0f1f2c7e78c70f1a70b2e0f4af286b823"
dependencies = [
 "libc 0.1.12",
 "tempdir",
]

[[package]]
name = "num"
version = "0.1.42"
source = "registry+https://github.com/rust-lang/crates.io-index"
checksum = "4703ad64153382334aa8db57c637364c322d3372e097840c72000dabdcf6156e"
dependencies = [
 "num-bigint 0.1.44",
 "num-complex 0.1.43",
 "num-integer",
 "num-iter",
 "num-rational 0.1.42",
 "num-traits",
]

[[package]]
name = "num"
version = "0.2.1"
source = "registry+https://github.com/rust-lang/crates.io-index"
checksum = "b8536030f9fea7127f841b45bb6243b27255787fb4eb83958aa1ef9d2fdc0c36"
dependencies = [
 "num-bigint 0.2.6",
 "num-complex 0.2.4",
 "num-integer",
 "num-iter",
 "num-rational 0.2.4",
 "num-traits",
]

[[package]]
name = "num-bigint"
version = "0.1.44"
source = "registry+https://github.com/rust-lang/crates.io-index"
checksum = "e63899ad0da84ce718c14936262a41cee2c79c981fc0a0e7c7beb47d5a07e8c1"
dependencies = [
 "num-integer",
 "num-traits",
 "rand 0.4.6",
 "rustc-serialize",
]

[[package]]
name = "num-bigint"
version = "0.2.6"
source = "registry+https://github.com/rust-lang/crates.io-index"
checksum = "090c7f9998ee0ff65aa5b723e4009f7b217707f1fb5ea551329cc4d6231fb304"
dependencies = [
 "autocfg",
 "num-integer",
 "num-traits",
]

[[package]]
name = "num-complex"
version = "0.1.43"
source = "registry+https://github.com/rust-lang/crates.io-index"
checksum = "b288631d7878aaf59442cffd36910ea604ecd7745c36054328595114001c9656"
dependencies = [
 "num-traits",
 "rustc-serialize",
]

[[package]]
name = "num-complex"
version = "0.2.4"
source = "registry+https://github.com/rust-lang/crates.io-index"
checksum = "b6b19411a9719e753aff12e5187b74d60d3dc449ec3f4dc21e3989c3f554bc95"
dependencies = [
 "autocfg",
 "num-traits",
]

[[package]]
name = "num-integer"
version = "0.1.43"
source = "registry+https://github.com/rust-lang/crates.io-index"
checksum = "8d59457e662d541ba17869cf51cf177c0b5f0cbf476c66bdc90bf1edac4f875b"
dependencies = [
 "autocfg",
 "num-traits",
]

[[package]]
name = "num-iter"
version = "0.1.41"
source = "registry+https://github.com/rust-lang/crates.io-index"
checksum = "7a6e6b7c748f995c4c29c5f5ae0248536e04a5739927c74ec0fa564805094b9f"
dependencies = [
 "autocfg",
 "num-integer",
 "num-traits",
]

[[package]]
name = "num-rational"
version = "0.1.42"
source = "registry+https://github.com/rust-lang/crates.io-index"
checksum = "ee314c74bd753fc86b4780aa9475da469155f3848473a261d2d18e35245a784e"
dependencies = [
 "num-bigint 0.1.44",
 "num-integer",
 "num-traits",
 "rustc-serialize",
]

[[package]]
name = "num-rational"
version = "0.2.4"
source = "registry+https://github.com/rust-lang/crates.io-index"
checksum = "5c000134b5dbf44adc5cb772486d335293351644b801551abe8f75c84cfa4aef"
dependencies = [
 "autocfg",
 "num-bigint 0.2.6",
 "num-integer",
 "num-traits",
]

[[package]]
name = "num-traits"
version = "0.2.12"
source = "registry+https://github.com/rust-lang/crates.io-index"
checksum = "ac267bcc07f48ee5f8935ab0d24f316fb722d7a1292e2913f0cc196b29ffd611"
dependencies = [
 "autocfg",
]

[[package]]
name = "obj-rs"
version = "0.4.21"
source = "registry+https://github.com/rust-lang/crates.io-index"
checksum = "050932db8d7a4ff1cf82f65eff91e9f5dcf544baa078920c3b8c0224cf89b0fb"
dependencies = [
 "glium 0.22.0",
 "num 0.2.1",
 "serde 1.0.115",
 "serde_derive",
 "vec_map",
]

[[package]]
name = "objc"
version = "0.1.8"
source = "registry+https://github.com/rust-lang/crates.io-index"
checksum = "5933fd7ec8031398855fc7a2987d786f3f69c5c82113ec330ac5b6ef4c034056"
dependencies = [
 "libc 0.2.76",
 "malloc_buf",
]

[[package]]
name = "objc"
version = "0.2.7"
source = "registry+https://github.com/rust-lang/crates.io-index"
checksum = "915b1b472bc21c53464d6c8461c9d3af805ba1ef837e1cac254428f4a77177b1"
dependencies = [
 "malloc_buf",
]

[[package]]
name = "object"
version = "0.20.0"
source = "registry+https://github.com/rust-lang/crates.io-index"
checksum = "1ab52be62400ca80aa00285d25253d7f7c437b7375c4de678f5405d3afe82ca5"

[[package]]
name = "osmesa-sys"
version = "0.0.5"
source = "registry+https://github.com/rust-lang/crates.io-index"
checksum = "e25c2d8d70fa255d45c280df2c6c22c89cca2b2bbb98a11f223d7cd5d5c5369d"
dependencies = [
 "libc 0.2.76",
 "shared_library",
]

[[package]]
name = "proc-macro2"
version = "1.0.20"
source = "registry+https://github.com/rust-lang/crates.io-index"
checksum = "175c513d55719db99da20232b06cda8bab6b83ec2d04e3283edf0213c37c1a29"
dependencies = [
 "unicode-xid",
]

[[package]]
name = "quote"
version = "1.0.7"
source = "registry+https://github.com/rust-lang/crates.io-index"
checksum = "aa563d17ecb180e500da1cfd2b028310ac758de548efdd203e18f283af693f37"
dependencies = [
 "proc-macro2",
]

[[package]]
name = "rand"
version = "0.3.23"
source = "registry+https://github.com/rust-lang/crates.io-index"
checksum = "64ac302d8f83c0c1974bf758f6b041c6c8ada916fbb44a609158ca8b064cc76c"
dependencies = [
 "libc 0.2.76",
 "rand 0.4.6",
]

[[package]]
name = "rand"
version = "0.4.6"
source = "registry+https://github.com/rust-lang/crates.io-index"
checksum = "552840b97013b1a26992c11eac34bdd778e464601a4c2054b5f0bff7c6761293"
dependencies = [
 "fuchsia-cprng",
 "libc 0.2.76",
 "rand_core 0.3.1",
 "rdrand",
 "winapi 0.3.9",
]

[[package]]
name = "rand_core"
version = "0.3.1"
source = "registry+https://github.com/rust-lang/crates.io-index"
checksum = "7a6fdeb83b075e8266dcc8762c22776f6877a63111121f5f8c7411e5be7eed4b"
dependencies = [
 "rand_core 0.4.2",
]

[[package]]
name = "rand_core"
version = "0.4.2"
source = "registry+https://github.com/rust-lang/crates.io-index"
checksum = "9c33a3c44ca05fa6f1807d8e6743f3824e8509beca625669633be0acbdf509dc"

[[package]]
name = "rdrand"
version = "0.4.0"
source = "registry+https://github.com/rust-lang/crates.io-index"
checksum = "678054eb77286b51581ba43620cc911abf02758c91f93f479767aed0f90458b2"
dependencies = [
 "rand_core 0.3.1",
]

[[package]]
name = "remove_dir_all"
version = "0.5.3"
source = "registry+https://github.com/rust-lang/crates.io-index"
checksum = "3acd125665422973a33ac9d3dd2df85edad0f4ae9b00dafb1a05e43a9f5ef8e7"
dependencies = [
 "winapi 0.3.9",
]

[[package]]
name = "rustc-demangle"
version = "0.1.16"
source = "registry+https://github.com/rust-lang/crates.io-index"
checksum = "4c691c0e608126e00913e33f0ccf3727d5fc84573623b8d65b2df340b5201783"

[[package]]
name = "rustc-serialize"
version = "0.3.24"
source = "registry+https://github.com/rust-lang/crates.io-index"
checksum = "dcf128d1287d2ea9d80910b5f1120d0b8eede3fbf1abe91c40d39ea7d51e6fda"

[[package]]
name = "serde"
version = "0.6.15"
source = "registry+https://github.com/rust-lang/crates.io-index"
checksum = "c97b18e9e53de541f11e497357d6c5eaeb39f0cb9c8734e274abe4935f6991fa"
dependencies = [
 "num 0.1.42",
]

[[package]]
name = "serde"
version = "1.0.115"
source = "registry+https://github.com/rust-lang/crates.io-index"
checksum = "e54c9a88f2da7238af84b5101443f0c0d0a3bbdc455e34a5c9497b1903ed55d5"

[[package]]
name = "serde_derive"
version = "1.0.115"
source = "registry+https://github.com/rust-lang/crates.io-index"
checksum = "609feed1d0a73cc36a0182a840a9b37b4a82f0b1150369f0536a9e3f2a31dc48"
dependencies = [
 "proc-macro2",
 "quote",
 "syn",
]

[[package]]
name = "server"
version = "0.0.1"
dependencies = [
 "common",
 "log 0.4.11",
]

[[package]]
name = "shared_library"
version = "0.1.9"
source = "registry+https://github.com/rust-lang/crates.io-index"
checksum = "5a9e7e0f2bfae24d8a5b5a66c5b257a83c7412304311512a0c054cd5e619da11"
dependencies = [
 "lazy_static 1.4.0",
 "libc 0.2.76",
]

[[package]]
name = "shell32-sys"
version = "0.1.2"
source = "registry+https://github.com/rust-lang/crates.io-index"
checksum = "9ee04b46101f57121c9da2b151988283b6beb79b34f5bb29a58ee48cb695122c"
dependencies = [
 "winapi 0.2.8",
 "winapi-build",
]

[[package]]
name = "smallvec"
version = "0.1.8"
source = "registry+https://github.com/rust-lang/crates.io-index"
checksum = "fcc8d19212aacecf95e4a7a2179b26f7aeb9732a915cf01f05b0d3e044865410"

[[package]]
name = "smallvec"
version = "0.6.13"
source = "registry+https://github.com/rust-lang/crates.io-index"
checksum = "f7b0758c52e15a8b5e3691eae6cc559f08eee9406e548a4477ba4e67770a82b6"
dependencies = [
 "maybe-uninit",
]

[[package]]
name = "syn"
version = "1.0.40"
source = "registry+https://github.com/rust-lang/crates.io-index"
checksum = "963f7d3cc59b59b9325165add223142bbf1df27655d07789f109896d353d8350"
dependencies = [
 "proc-macro2",
 "quote",
 "unicode-xid",
]

[[package]]
name = "tempdir"
version = "0.3.7"
source = "registry+https://github.com/rust-lang/crates.io-index"
checksum = "15f2b5fb00ccdf689e0149d1b1b3c03fead81c2b37735d812fa8bddbbf41b6d8"
dependencies = [
 "rand 0.4.6",
 "remove_dir_all",
]

[[package]]
name = "tempfile"
version = "1.1.3"
source = "registry+https://github.com/rust-lang/crates.io-index"
checksum = "ea9234ab6f388c147f9a44dfd331f2c5ad956387acbb9fa03e99abc5a28e5eaa"
dependencies = [
 "kernel32-sys 0.2.2",
 "libc 0.2.76",
 "rand 0.3.23",
 "winapi 0.2.8",
]

[[package]]
name = "time"
version = "0.1.44"
source = "registry+https://github.com/rust-lang/crates.io-index"
checksum = "6db9e6914ab8b1ae1c260a4ae7a49b6c5611b40328a735b21862567685e73255"
dependencies = [
 "libc 0.2.76",
 "wasi",
 "winapi 0.3.9",
]

[[package]]
name = "unicode-xid"
version = "0.2.1"
source = "registry+https://github.com/rust-lang/crates.io-index"
checksum = "f7fe0bb3479651439c9112f72b6c505038574c9fbb575ed1bf3b797fa39dd564"

[[package]]
name = "user32-sys"
version = "0.1.3"
source = "registry+https://github.com/rust-lang/crates.io-index"
checksum = "e6b719983b952c04198829b51653c06af36f0e44c967fcc1a2bb397ceafbf80a"
dependencies = [
 "winapi 0.2.8",
 "winapi-build",
]

[[package]]
name = "util"
version = "0.1.0"
dependencies = [
 "common",
]

[[package]]
name = "vec_map"
version = "0.6.0"
source = "registry+https://github.com/rust-lang/crates.io-index"
checksum = "cac5efe5cb0fa14ec2f84f83c701c562ee63f6dcc680861b21d65c682adfb05f"

[[package]]
name = "wasi"
version = "0.10.0+wasi-snapshot-preview1"
source = "registry+https://github.com/rust-lang/crates.io-index"
checksum = "1a143597ca7c7793eff794def352d41792a93c481eb1042423ff7ff72ba2c31f"

[[package]]
name = "wayland-client"
version = "0.2.1"
source = "registry+https://github.com/rust-lang/crates.io-index"
checksum = "15d0500075a5bd9c584ec896aac8f413106857e3462da5829e5833bf6c89afab"
dependencies = [
 "bitflags 0.3.3",
 "dlib",
 "lazy_static 0.1.16",
 "libc 0.1.12",
]

[[package]]
name = "wayland-kbd"
version = "0.2.1"
source = "registry+https://github.com/rust-lang/crates.io-index"
checksum = "72e1ca89333539e574d282373c9343d1259d605db772029d462cc5c27d1e4859"
dependencies = [
 "bitflags 0.3.3",
 "dlib",
 "lazy_static 0.1.16",
 "mmap",
 "wayland-client",
]

[[package]]
name = "wayland-window"
version = "0.1.2"
source = "registry+https://github.com/rust-lang/crates.io-index"
checksum = "27965be362cbd6b5eed6b1ab375ba4178f581aff21ed74d747fc332575bd8fc8"
dependencies = [
 "byteorder",
 "tempfile",
 "wayland-client",
]

[[package]]
name = "winapi"
version = "0.2.8"
source = "registry+https://github.com/rust-lang/crates.io-index"
checksum = "167dc9d6949a9b857f3451275e911c3f44255842c1f7a76f33c55103a909087a"

[[package]]
name = "winapi"
version = "0.3.9"
source = "registry+https://github.com/rust-lang/crates.io-index"
checksum = "5c839a674fcd7a98952e593242ea400abe93992746761e38641405d28b00f419"
dependencies = [
 "winapi-i686-pc-windows-gnu",
 "winapi-x86_64-pc-windows-gnu",
]

[[package]]
name = "winapi-build"
version = "0.1.1"
source = "registry+https://github.com/rust-lang/crates.io-index"
checksum = "2d315eee3b34aca4797b2da6b13ed88266e6d612562a0c46390af8299fc699bc"

[[package]]
name = "winapi-i686-pc-windows-gnu"
version = "0.4.0"
source = "registry+https://github.com/rust-lang/crates.io-index"
checksum = "ac3b87c63620426dd9b991e5ce0329eff545bccbbb34f3be09ff6fb6ab51b7b6"

[[package]]
name = "winapi-x86_64-pc-windows-gnu"
version = "0.4.0"
source = "registry+https://github.com/rust-lang/crates.io-index"
checksum = "712e227841d057c1ee1cd2fb22fa7e5a5461ae8e48fa2ca79ec42cfc1931183f"

[[package]]
name = "x11-dl"
version = "2.0.1"
source = "registry+https://github.com/rust-lang/crates.io-index"
checksum = "095e3aefb6c232f2ca839b1cd4091a92c068028212ffb7d876b4fc31ebf794c7"
dependencies = [
 "dylib",
 "libc 0.2.76",
]

[[package]]
name = "xmath"
version = "0.2.8"
source = "registry+https://github.com/rust-lang/crates.io-index"
checksum = "8f70e2a78d68ab432070eca3aa356b5bd5d92611749a832ccf86062547e34304"
dependencies = [
 "glium 0.14.0",
]

[[package]]
name = "xml-rs"
version = "0.1.26"
source = "registry+https://github.com/rust-lang/crates.io-index"
checksum = "4bac8fd82b24db2dd3b54aa7b29f336d8b5ca1830065ce3aada71bce6f661519"
dependencies = [
 "bitflags 1.2.1",
]

[[package]]
name = "xml-rs"
version = "0.6.1"
source = "registry+https://github.com/rust-lang/crates.io-index"
checksum = "e1945e12e16b951721d7976520b0832496ef79c31602c7a29d950de79ba74621"
dependencies = [
 "bitflags 0.9.1",
]

[[package]]
name = "xml-rs"
version = "0.7.0"
source = "registry+https://github.com/rust-lang/crates.io-index"
checksum = "3c1cb601d29fe2c2ac60a2b2e5e293994d87a1f6fa9687a31a15270f909be9c2"
dependencies = [
 "bitflags 1.2.1",
]

[[package]]
name = "xml-rs"
version = "0.8.3"
source = "registry+https://github.com/rust-lang/crates.io-index"
checksum = "b07db065a5cf61a7e4ba64f29e67db906fb1787316516c4e6e5ff0fea1efcd8a"
